// !$*UTF8*$!
{
	archiveVersion = 1;
	classes = {
	};
	objectVersion = 50;
	objects = {

/* Begin PBXBuildFile section */
		EEAA345A2577CEF1002DAD06 /* AppDelegate.swift in Sources */ = {isa = PBXBuildFile; fileRef = EEAA34592577CEF1002DAD06 /* AppDelegate.swift */; };
		EEAA345C2577CEF1002DAD06 /* SceneDelegate.swift in Sources */ = {isa = PBXBuildFile; fileRef = EEAA345B2577CEF1002DAD06 /* SceneDelegate.swift */; };
		EEAA345E2577CEF1002DAD06 /* ViewController.swift in Sources */ = {isa = PBXBuildFile; fileRef = EEAA345D2577CEF1002DAD06 /* ViewController.swift */; };
		EEAA34612577CEF1002DAD06 /* Main.storyboard in Resources */ = {isa = PBXBuildFile; fileRef = EEAA345F2577CEF1002DAD06 /* Main.storyboard */; };
		EEAA34632577CEF4002DAD06 /* Assets.xcassets in Resources */ = {isa = PBXBuildFile; fileRef = EEAA34622577CEF4002DAD06 /* Assets.xcassets */; };
		EEAA34662577CEF4002DAD06 /* LaunchScreen.storyboard in Resources */ = {isa = PBXBuildFile; fileRef = EEAA34642577CEF4002DAD06 /* LaunchScreen.storyboard */; };
/* End PBXBuildFile section */

/* Begin PBXFileReference section */
		EEAA34562577CEF1002DAD06 /* iTunesAlbums.app */ = {isa = PBXFileReference; explicitFileType = wrapper.application; includeInIndex = 0; path = iTunesAlbums.app; sourceTree = BUILT_PRODUCTS_DIR; };
		EEAA34592577CEF1002DAD06 /* AppDelegate.swift */ = {isa = PBXFileReference; lastKnownFileType = sourcecode.swift; path = AppDelegate.swift; sourceTree = "<group>"; };
		EEAA345B2577CEF1002DAD06 /* SceneDelegate.swift */ = {isa = PBXFileReference; lastKnownFileType = sourcecode.swift; path = SceneDelegate.swift; sourceTree = "<group>"; };
		EEAA345D2577CEF1002DAD06 /* ViewController.swift */ = {isa = PBXFileReference; lastKnownFileType = sourcecode.swift; path = ViewController.swift; sourceTree = "<group>"; };
		EEAA34602577CEF1002DAD06 /* Base */ = {isa = PBXFileReference; lastKnownFileType = file.storyboard; name = Base; path = Base.lproj/Main.storyboard; sourceTree = "<group>"; };
		EEAA34622577CEF4002DAD06 /* Assets.xcassets */ = {isa = PBXFileReference; lastKnownFileType = folder.assetcatalog; path = Assets.xcassets; sourceTree = "<group>"; };
		EEAA34652577CEF4002DAD06 /* Base */ = {isa = PBXFileReference; lastKnownFileType = file.storyboard; name = Base; path = Base.lproj/LaunchScreen.storyboard; sourceTree = "<group>"; };
		EEAA34672577CEF5002DAD06 /* Info.plist */ = {isa = PBXFileReference; lastKnownFileType = text.plist.xml; path = Info.plist; sourceTree = "<group>"; };
/* End PBXFileReference section */

/* Begin PBXFrameworksBuildPhase section */
		EEAA34532577CEF1002DAD06 /* Frameworks */ = {
			isa = PBXFrameworksBuildPhase;
			buildActionMask = 2147483647;
			files = (
			);
			runOnlyForDeploymentPostprocessing = 0;
		};
/* End PBXFrameworksBuildPhase section */

/* Begin PBXGroup section */
		EEAA344D2577CEF1002DAD06 = {
			isa = PBXGroup;
			children = (
				EEAA34582577CEF1002DAD06 /* iTunesAlbums */,
				EEAA34572577CEF1002DAD06 /* Products */,
			);
			sourceTree = "<group>";
		};
		EEAA34572577CEF1002DAD06 /* Products */ = {
			isa = PBXGroup;
			children = (
				EEAA34562577CEF1002DAD06 /* iTunesAlbums.app */,
			);
			name = Products;
			sourceTree = "<group>";
		};
		EEAA34582577CEF1002DAD06 /* iTunesAlbums */ = {
			isa = PBXGroup;
			children = (
				EEAA34592577CEF1002DAD06 /* AppDelegate.swift */,
				EEAA345B2577CEF1002DAD06 /* SceneDelegate.swift */,
				EEAA345D2577CEF1002DAD06 /* ViewController.swift */,
				EEAA345F2577CEF1002DAD06 /* Main.storyboard */,
				EEAA34622577CEF4002DAD06 /* Assets.xcassets */,
				EEAA34642577CEF4002DAD06 /* LaunchScreen.storyboard */,
				EEAA34672577CEF5002DAD06 /* Info.plist */,
			);
			path = iTunesAlbums;
			sourceTree = "<group>";
		};
/* End PBXGroup section */

/* Begin PBXNativeTarget section */
		EEAA34552577CEF1002DAD06 /* iTunesAlbums */ = {
			isa = PBXNativeTarget;
			buildConfigurationList = EEAA346A2577CEF5002DAD06 /* Build configuration list for PBXNativeTarget "iTunesAlbums" */;
			buildPhases = (
				EEAA34522577CEF1002DAD06 /* Sources */,
				EEAA34532577CEF1002DAD06 /* Frameworks */,
				EEAA34542577CEF1002DAD06 /* Resources */,
			);
			buildRules = (
			);
			dependencies = (
			);
			name = iTunesAlbums;
			productName = iTunesAlbums;
			productReference = EEAA34562577CEF1002DAD06 /* iTunesAlbums.app */;
			productType = "com.apple.product-type.application";
		};
/* End PBXNativeTarget section */

/* Begin PBXProject section */
		EEAA344E2577CEF1002DAD06 /* Project object */ = {
			isa = PBXProject;
			attributes = {
				LastSwiftUpdateCheck = 1220;
				LastUpgradeCheck = 1220;
				TargetAttributes = {
					EEAA34552577CEF1002DAD06 = {
						CreatedOnToolsVersion = 12.2;
					};
				};
			};
			buildConfigurationList = EEAA34512577CEF1002DAD06 /* Build configuration list for PBXProject "iTunesAlbums" */;
			compatibilityVersion = "Xcode 9.3";
			developmentRegion = en;
			hasScannedForEncodings = 0;
			knownRegions = (
				en,
				Base,
			);
			mainGroup = EEAA344D2577CEF1002DAD06;
			productRefGroup = EEAA34572577CEF1002DAD06 /* Products */;
			projectDirPath = "";
			projectRoot = "";
			targets = (
				EEAA34552577CEF1002DAD06 /* iTunesAlbums */,
			);
		};
/* End PBXProject section */

/* Begin PBXResourcesBuildPhase section */
		EEAA34542577CEF1002DAD06 /* Resources */ = {
			isa = PBXResourcesBuildPhase;
			buildActionMask = 2147483647;
			files = (
				EEAA34662577CEF4002DAD06 /* LaunchScreen.storyboard in Resources */,
				EEAA34632577CEF4002DAD06 /* Assets.xcassets in Resources */,
				EEAA34612577CEF1002DAD06 /* Main.storyboard in Resources */,
			);
			runOnlyForDeploymentPostprocessing = 0;
		};
/* End PBXResourcesBuildPhase section */

/* Begin PBXSourcesBuildPhase section */
		EEAA34522577CEF1002DAD06 /* Sources */ = {
			isa = PBXSourcesBuildPhase;
			buildActionMask = 2147483647;
			files = (
				EEAA345E2577CEF1002DAD06 /* ViewController.swift in Sources */,
				EEAA345A2577CEF1002DAD06 /* AppDelegate.swift in Sources */,
				EEAA345C2577CEF1002DAD06 /* SceneDelegate.swift in Sources */,
			);
			runOnlyForDeploymentPostprocessing = 0;
		};
/* End PBXSourcesBuildPhase section */

/* Begin PBXVariantGroup section */
		EEAA345F2577CEF1002DAD06 /* Main.storyboard */ = {
			isa = PBXVariantGroup;
			children = (
				EEAA34602577CEF1002DAD06 /* Base */,
			);
			name = Main.storyboard;
			sourceTree = "<group>";
		};
		EEAA34642577CEF4002DAD06 /* LaunchScreen.storyboard */ = {
			isa = PBXVariantGroup;
			children = (
				EEAA34652577CEF4002DAD06 /* Base */,
			);
			name = LaunchScreen.storyboard;
			sourceTree = "<group>";
		};
/* End PBXVariantGroup section */

/* Begin XCBuildConfiguration section */
		EEAA34682577CEF5002DAD06 /* Debug */ = {
			isa = XCBuildConfiguration;
			buildSettings = {
				ALWAYS_SEARCH_USER_PATHS = NO;
				CLANG_ANALYZER_NONNULL = YES;
				CLANG_ANALYZER_NUMBER_OBJECT_CONVERSION = YES_AGGRESSIVE;
				CLANG_CXX_LANGUAGE_STANDARD = "gnu++14";
				CLANG_CXX_LIBRARY = "libc++";
				CLANG_ENABLE_MODULES = YES;
				CLANG_ENABLE_OBJC_ARC = YES;
				CLANG_ENABLE_OBJC_WEAK = YES;
				CLANG_WARN_BLOCK_CAPTURE_AUTORELEASING = YES;
				CLANG_WARN_BOOL_CONVERSION = YES;
				CLANG_WARN_COMMA = YES;
				CLANG_WARN_CONSTANT_CONVERSION = YES;
				CLANG_WARN_DEPRECATED_OBJC_IMPLEMENTATIONS = YES;
				CLANG_WARN_DIRECT_OBJC_ISA_USAGE = YES_ERROR;
				CLANG_WARN_DOCUMENTATION_COMMENTS = YES;
				CLANG_WARN_EMPTY_BODY = YES;
				CLANG_WARN_ENUM_CONVERSION = YES;
				CLANG_WARN_INFINITE_RECURSION = YES;
				CLANG_WARN_INT_CONVERSION = YES;
				CLANG_WARN_NON_LITERAL_NULL_CONVERSION = YES;
				CLANG_WARN_OBJC_IMPLICIT_RETAIN_SELF = YES;
				CLANG_WARN_OBJC_LITERAL_CONVERSION = YES;
				CLANG_WARN_OBJC_ROOT_CLASS = YES_ERROR;
				CLANG_WARN_QUOTED_INCLUDE_IN_FRAMEWORK_HEADER = YES;
				CLANG_WARN_RANGE_LOOP_ANALYSIS = YES;
				CLANG_WARN_STRICT_PROTOTYPES = YES;
				CLANG_WARN_SUSPICIOUS_MOVE = YES;
				CLANG_WARN_UNGUARDED_AVAILABILITY = YES_AGGRESSIVE;
				CLANG_WARN_UNREACHABLE_CODE = YES;
				CLANG_WARN__DUPLICATE_METHOD_MATCH = YES;
				COPY_PHASE_STRIP = NO;
				DEBUG_INFORMATION_FORMAT = dwarf;
				ENABLE_STRICT_OBJC_MSGSEND = YES;
				ENABLE_TESTABILITY = YES;
				GCC_C_LANGUAGE_STANDARD = gnu11;
				GCC_DYNAMIC_NO_PIC = NO;
				GCC_NO_COMMON_BLOCKS = YES;
				GCC_OPTIMIZATION_LEVEL = 0;
				GCC_PREPROCESSOR_DEFINITIONS = (
					"DEBUG=1",
					"$(inherited)",
				);
				GCC_WARN_64_TO_32_BIT_CONVERSION = YES;
				GCC_WARN_ABOUT_RETURN_TYPE = YES_ERROR;
				GCC_WARN_UNDECLARED_SELECTOR = YES;
				GCC_WARN_UNINITIALIZED_AUTOS = YES_AGGRESSIVE;
				GCC_WARN_UNUSED_FUNCTION = YES;
				GCC_WARN_UNUSED_VARIABLE = YES;
				IPHONEOS_DEPLOYMENT_TARGET = 14.2;
				MTL_ENABLE_DEBUG_INFO = INCLUDE_SOURCE;
				MTL_FAST_MATH = YES;
				ONLY_ACTIVE_ARCH = YES;
				SDKROOT = iphoneos;
				SWIFT_ACTIVE_COMPILATION_CONDITIONS = DEBUG;
				SWIFT_OPTIMIZATION_LEVEL = "-Onone";
			};
			name = Debug;
		};
		EEAA34692577CEF5002DAD06 /* Release */ = {
			isa = XCBuildConfiguration;
			buildSettings = {
				ALWAYS_SEARCH_USER_PATHS = NO;
				CLANG_ANALYZER_NONNULL = YES;
				CLANG_ANALYZER_NUMBER_OBJECT_CONVERSION = YES_AGGRESSIVE;
				CLANG_CXX_LANGUAGE_STANDARD = "gnu++14";
				CLANG_CXX_LIBRARY = "libc++";
				CLANG_ENABLE_MODULES = YES;
				CLANG_ENABLE_OBJC_ARC = YES;
				CLANG_ENABLE_OBJC_WEAK = YES;
				CLANG_WARN_BLOCK_CAPTURE_AUTORELEASING = YES;
				CLANG_WARN_BOOL_CONVERSION = YES;
				CLANG_WARN_COMMA = YES;
				CLANG_WARN_CONSTANT_CONVERSION = YES;
				CLANG_WARN_DEPRECATED_OBJC_IMPLEMENTATIONS = YES;
				CLANG_WARN_DIRECT_OBJC_ISA_USAGE = YES_ERROR;
				CLANG_WARN_DOCUMENTATION_COMMENTS = YES;
				CLANG_WARN_EMPTY_BODY = YES;
				CLANG_WARN_ENUM_CONVERSION = YES;
				CLANG_WARN_INFINITE_RECURSION = YES;
				CLANG_WARN_INT_CONVERSION = YES;
				CLANG_WARN_NON_LITERAL_NULL_CONVERSION = YES;
				CLANG_WARN_OBJC_IMPLICIT_RETAIN_SELF = YES;
				CLANG_WARN_OBJC_LITERAL_CONVERSION = YES;
				CLANG_WARN_OBJC_ROOT_CLASS = YES_ERROR;
				CLANG_WARN_QUOTED_INCLUDE_IN_FRAMEWORK_HEADER = YES;
				CLANG_WARN_RANGE_LOOP_ANALYSIS = YES;
				CLANG_WARN_STRICT_PROTOTYPES = YES;
				CLANG_WARN_SUSPICIOUS_MOVE = YES;
				CLANG_WARN_UNGUARDED_AVAILABILITY = YES_AGGRESSIVE;
				CLANG_WARN_UNREACHABLE_CODE = YES;
				CLANG_WARN__DUPLICATE_METHOD_MATCH = YES;
				COPY_PHASE_STRIP = NO;
				DEBUG_INFORMATION_FORMAT = "dwarf-with-dsym";
				ENABLE_NS_ASSERTIONS = NO;
				ENABLE_STRICT_OBJC_MSGSEND = YES;
				GCC_C_LANGUAGE_STANDARD = gnu11;
				GCC_NO_COMMON_BLOCKS = YES;
				GCC_WARN_64_TO_32_BIT_CONVERSION = YES;
				GCC_WARN_ABOUT_RETURN_TYPE = YES_ERROR;
				GCC_WARN_UNDECLARED_SELECTOR = YES;
				GCC_WARN_UNINITIALIZED_AUTOS = YES_AGGRESSIVE;
				GCC_WARN_UNUSED_FUNCTION = YES;
				GCC_WARN_UNUSED_VARIABLE = YES;
				IPHONEOS_DEPLOYMENT_TARGET = 14.2;
				MTL_ENABLE_DEBUG_INFO = NO;
				MTL_FAST_MATH = YES;
				SDKROOT = iphoneos;
				SWIFT_COMPILATION_MODE = wholemodule;
				SWIFT_OPTIMIZATION_LEVEL = "-O";
				VALIDATE_PRODUCT = YES;
			};
			name = Release;
		};
		EEAA346B2577CEF5002DAD06 /* Debug */ = {
			isa = XCBuildConfiguration;
			buildSettings = {
				ASSETCATALOG_COMPILER_APPICON_NAME = AppIcon;
				ASSETCATALOG_COMPILER_GLOBAL_ACCENT_COLOR_NAME = AccentColor;
				CODE_SIGN_STYLE = Automatic;
				DEVELOPMENT_TEAM = 9DT65SS5ZB;
				INFOPLIST_FILE = iTunesAlbums/Info.plist;
				IPHONEOS_DEPLOYMENT_TARGET = 13.0;
				LD_RUNPATH_SEARCH_PATHS = (
					"$(inherited)",
					"@executable_path/Frameworks",
				);
				PRODUCT_BUNDLE_IDENTIFIER = com.ArtemEmelianov.iTunesAlbums;
				PRODUCT_NAME = "$(TARGET_NAME)";
				SWIFT_VERSION = 5.0;
				TARGETED_DEVICE_FAMILY = 1;
			};
			name = Debug;
		};
		EEAA346C2577CEF5002DAD06 /* Release */ = {
			isa = XCBuildConfiguration;
			buildSettings = {
				ASSETCATALOG_COMPILER_APPICON_NAME = AppIcon;
				ASSETCATALOG_COMPILER_GLOBAL_ACCENT_COLOR_NAME = AccentColor;
				CODE_SIGN_STYLE = Automatic;
				DEVELOPMENT_TEAM = 9DT65SS5ZB;
				INFOPLIST_FILE = iTunesAlbums/Info.plist;
				IPHONEOS_DEPLOYMENT_TARGET = 13.0;
				LD_RUNPATH_SEARCH_PATHS = (
					"$(inherited)",
					"@executable_path/Frameworks",
				);
				PRODUCT_BUNDLE_IDENTIFIER = com.ArtemEmelianov.iTunesAlbums;
				PRODUCT_NAME = "$(TARGET_NAME)";
				SWIFT_VERSION = 5.0;
				TARGETED_DEVICE_FAMILY = 1;
			};
			name = Release;
		};
/* End XCBuildConfiguration section */

/* Begin XCConfigurationList section */
		EEAA34512577CEF1002DAD06 /* Build configuration list for PBXProject "iTunesAlbums" */ = {
			isa = XCConfigurationList;
			buildConfigurations = (
				EEAA34682577CEF5002DAD06 /* Debug */,
				EEAA34692577CEF5002DAD06 /* Release */,
			);
			defaultConfigurationIsVisible = 0;
			defaultConfigurationName = Release;
		};
		EEAA346A2577CEF5002DAD06 /* Build configuration list for PBXNativeTarget "iTunesAlbums" */ = {
			isa = XCConfigurationList;
			buildConfigurations = (
				EEAA346B2577CEF5002DAD06 /* Debug */,
				EEAA346C2577CEF5002DAD06 /* Release */,
			);
			defaultConfigurationIsVisible = 0;
			defaultConfigurationName = Release;
		};
/* End XCConfigurationList section */
	};
	rootObject = EEAA344E2577CEF1002DAD06 /* Project object */;
}
