// !$*UTF8*$!
{
	archiveVersion = 1;
	classes = {
	};
	objectVersion = 51;
	objects = {

/* Begin PBXBuildFile section */
		5771F0A9ABBCA90F11C28FD7 /* Pods_iTunesAlbums.framework in Frameworks */ = {isa = PBXBuildFile; fileRef = 363835923FE5809620435A51 /* Pods_iTunesAlbums.framework */; };
		EE60DB7825781CAC0085083D /* AlbumsListViewController.xib in Resources */ = {isa = PBXBuildFile; fileRef = EE60DB7625781CAC0085083D /* AlbumsListViewController.xib */; };
		EE60DBCE257928B30085083D /* AlbumInfoViewController.swift in Sources */ = {isa = PBXBuildFile; fileRef = EE60DBCC257928B20085083D /* AlbumInfoViewController.swift */; };
		EE60DBCF257928B30085083D /* AlbumInfoViewController.xib in Resources */ = {isa = PBXBuildFile; fileRef = EE60DBCD257928B20085083D /* AlbumInfoViewController.xib */; };
		EE60DBD325792AE40085083D /* Song.swift in Sources */ = {isa = PBXBuildFile; fileRef = EE60DBD225792AE40085083D /* Song.swift */; };
		EE60DBD725792CC90085083D /* AlbumInfoViewModel.swift in Sources */ = {isa = PBXBuildFile; fileRef = EE60DBD625792CC90085083D /* AlbumInfoViewModel.swift */; };
		EE60DBDB257930010085083D /* AlbumInfoCollectionViewCell.swift in Sources */ = {isa = PBXBuildFile; fileRef = EE60DBD9257930010085083D /* AlbumInfoCollectionViewCell.swift */; };
		EE60DBDC257930010085083D /* AlbumInfoCollectionViewCell.xib in Resources */ = {isa = PBXBuildFile; fileRef = EE60DBDA257930010085083D /* AlbumInfoCollectionViewCell.xib */; };
		EE60DBE2257932A20085083D /* AlbumInfoCellViewModel.swift in Sources */ = {isa = PBXBuildFile; fileRef = EE60DBE1257932A20085083D /* AlbumInfoCellViewModel.swift */; };
		EE60DBE7257938750085083D /* SongInfoCollectionViewCell.swift in Sources */ = {isa = PBXBuildFile; fileRef = EE60DBE5257938750085083D /* SongInfoCollectionViewCell.swift */; };
		EE60DBE8257938750085083D /* SongInfoCollectionViewCell.xib in Resources */ = {isa = PBXBuildFile; fileRef = EE60DBE6257938750085083D /* SongInfoCollectionViewCell.xib */; };
		EE60DBEB257938870085083D /* SongInfoCellViewModel.swift in Sources */ = {isa = PBXBuildFile; fileRef = EE60DBEA257938870085083D /* SongInfoCellViewModel.swift */; };
		EE60DBEF25793BF20085083D /* AlbumCopyrightCollectionViewCell.swift in Sources */ = {isa = PBXBuildFile; fileRef = EE60DBED25793BF20085083D /* AlbumCopyrightCollectionViewCell.swift */; };
		EE60DBF025793BF20085083D /* AlbumCopyrightCollectionViewCell.xib in Resources */ = {isa = PBXBuildFile; fileRef = EE60DBEE25793BF20085083D /* AlbumCopyrightCollectionViewCell.xib */; };
		EE60DBF325793DB50085083D /* AlbumCopyrightCellViewModel.swift in Sources */ = {isa = PBXBuildFile; fileRef = EE60DBF225793DB50085083D /* AlbumCopyrightCellViewModel.swift */; };
		EE60DBF625794BC30085083D /* CellViewModel.swift in Sources */ = {isa = PBXBuildFile; fileRef = EE60DBF525794BC30085083D /* CellViewModel.swift */; };
		EEAA345A2577CEF1002DAD06 /* AppDelegate.swift in Sources */ = {isa = PBXBuildFile; fileRef = EEAA34592577CEF1002DAD06 /* AppDelegate.swift */; };
		EEAA345C2577CEF1002DAD06 /* SceneDelegate.swift in Sources */ = {isa = PBXBuildFile; fileRef = EEAA345B2577CEF1002DAD06 /* SceneDelegate.swift */; };
		EEAA34612577CEF1002DAD06 /* Main.storyboard in Resources */ = {isa = PBXBuildFile; fileRef = EEAA345F2577CEF1002DAD06 /* Main.storyboard */; };
		EEAA34632577CEF4002DAD06 /* Assets.xcassets in Resources */ = {isa = PBXBuildFile; fileRef = EEAA34622577CEF4002DAD06 /* Assets.xcassets */; };
		EEAA34662577CEF4002DAD06 /* LaunchScreen.storyboard in Resources */ = {isa = PBXBuildFile; fileRef = EEAA34642577CEF4002DAD06 /* LaunchScreen.storyboard */; };
		EEAA347B2577D3A9002DAD06 /* AlbumsListViewController.swift in Sources */ = {isa = PBXBuildFile; fileRef = EEAA34792577D3A9002DAD06 /* AlbumsListViewController.swift */; };
		EEAA34812577D5AF002DAD06 /* BaseViewController.swift in Sources */ = {isa = PBXBuildFile; fileRef = EEAA34802577D5AF002DAD06 /* BaseViewController.swift */; };
		EEAA34862577D5E5002DAD06 /* ViewModel.swift in Sources */ = {isa = PBXBuildFile; fileRef = EEAA34852577D5E5002DAD06 /* ViewModel.swift */; };
		EEAA34912577DF27002DAD06 /* AlbumsListViewModel.swift in Sources */ = {isa = PBXBuildFile; fileRef = EEAA34902577DF27002DAD06 /* AlbumsListViewModel.swift */; };
		EEAA34962577E028002DAD06 /* UICollectionView+registerCell.swift in Sources */ = {isa = PBXBuildFile; fileRef = EEAA34952577E028002DAD06 /* UICollectionView+registerCell.swift */; };
		EEAA349B2577E592002DAD06 /* AlbumCollectionViewCell.swift in Sources */ = {isa = PBXBuildFile; fileRef = EEAA34992577E592002DAD06 /* AlbumCollectionViewCell.swift */; };
		EEAA349C2577E592002DAD06 /* AlbumCollectionViewCell.xib in Resources */ = {isa = PBXBuildFile; fileRef = EEAA349A2577E592002DAD06 /* AlbumCollectionViewCell.xib */; };
		EEAA34A02577E8C3002DAD06 /* ConfigurableView.swift in Sources */ = {isa = PBXBuildFile; fileRef = EEAA349F2577E8C3002DAD06 /* ConfigurableView.swift */; };
		EEAA34A62577E938002DAD06 /* AlbumCellViewModel.swift in Sources */ = {isa = PBXBuildFile; fileRef = EEAA34A52577E938002DAD06 /* AlbumCellViewModel.swift */; };
		EEAA34B22577EEAE002DAD06 /* NetworkClient.swift in Sources */ = {isa = PBXBuildFile; fileRef = EEAA34B12577EEAE002DAD06 /* NetworkClient.swift */; };
		EEAA34B62577EF14002DAD06 /* BaseNetworkService.swift in Sources */ = {isa = PBXBuildFile; fileRef = EEAA34B52577EF14002DAD06 /* BaseNetworkService.swift */; };
		EEAA34BC2577F038002DAD06 /* AlbumService.swift in Sources */ = {isa = PBXBuildFile; fileRef = EEAA34BB2577F038002DAD06 /* AlbumService.swift */; };
		EEAA34C02577F779002DAD06 /* Album.swift in Sources */ = {isa = PBXBuildFile; fileRef = EEAA34BF2577F779002DAD06 /* Album.swift */; };
		EED51E0C257BF08C0063E0E3 /* R.generated.swift in Sources */ = {isa = PBXBuildFile; fileRef = EED51E0B257BF08C0063E0E3 /* R.generated.swift */; };
		EED51E13257BF1D30063E0E3 /* Localizable.strings in Resources */ = {isa = PBXBuildFile; fileRef = EED51E12257BF1D30063E0E3 /* Localizable.strings */; };
/* End PBXBuildFile section */

/* Begin PBXFileReference section */
		0DB2C106E584FEE6E63E71E8 /* Pods-iTunesAlbums.release.xcconfig */ = {isa = PBXFileReference; includeInIndex = 1; lastKnownFileType = text.xcconfig; name = "Pods-iTunesAlbums.release.xcconfig"; path = "Target Support Files/Pods-iTunesAlbums/Pods-iTunesAlbums.release.xcconfig"; sourceTree = "<group>"; };
		22B375688918831804DFA3ED /* Pods-iTunesAlbums.debug.xcconfig */ = {isa = PBXFileReference; includeInIndex = 1; lastKnownFileType = text.xcconfig; name = "Pods-iTunesAlbums.debug.xcconfig"; path = "Target Support Files/Pods-iTunesAlbums/Pods-iTunesAlbums.debug.xcconfig"; sourceTree = "<group>"; };
		363835923FE5809620435A51 /* Pods_iTunesAlbums.framework */ = {isa = PBXFileReference; explicitFileType = wrapper.framework; includeInIndex = 0; path = Pods_iTunesAlbums.framework; sourceTree = BUILT_PRODUCTS_DIR; };
		EE60DB7625781CAC0085083D /* AlbumsListViewController.xib */ = {isa = PBXFileReference; lastKnownFileType = file.xib; path = AlbumsListViewController.xib; sourceTree = "<group>"; };
		EE60DBCC257928B20085083D /* AlbumInfoViewController.swift */ = {isa = PBXFileReference; lastKnownFileType = sourcecode.swift; path = AlbumInfoViewController.swift; sourceTree = "<group>"; };
		EE60DBCD257928B20085083D /* AlbumInfoViewController.xib */ = {isa = PBXFileReference; lastKnownFileType = file.xib; path = AlbumInfoViewController.xib; sourceTree = "<group>"; };
		EE60DBD225792AE40085083D /* Song.swift */ = {isa = PBXFileReference; lastKnownFileType = sourcecode.swift; path = Song.swift; sourceTree = "<group>"; };
		EE60DBD625792CC90085083D /* AlbumInfoViewModel.swift */ = {isa = PBXFileReference; lastKnownFileType = sourcecode.swift; path = AlbumInfoViewModel.swift; sourceTree = "<group>"; };
		EE60DBD9257930010085083D /* AlbumInfoCollectionViewCell.swift */ = {isa = PBXFileReference; lastKnownFileType = sourcecode.swift; path = AlbumInfoCollectionViewCell.swift; sourceTree = "<group>"; };
		EE60DBDA257930010085083D /* AlbumInfoCollectionViewCell.xib */ = {isa = PBXFileReference; lastKnownFileType = file.xib; path = AlbumInfoCollectionViewCell.xib; sourceTree = "<group>"; };
		EE60DBE1257932A20085083D /* AlbumInfoCellViewModel.swift */ = {isa = PBXFileReference; lastKnownFileType = sourcecode.swift; path = AlbumInfoCellViewModel.swift; sourceTree = "<group>"; };
		EE60DBE5257938750085083D /* SongInfoCollectionViewCell.swift */ = {isa = PBXFileReference; lastKnownFileType = sourcecode.swift; path = SongInfoCollectionViewCell.swift; sourceTree = "<group>"; };
		EE60DBE6257938750085083D /* SongInfoCollectionViewCell.xib */ = {isa = PBXFileReference; lastKnownFileType = file.xib; path = SongInfoCollectionViewCell.xib; sourceTree = "<group>"; };
		EE60DBEA257938870085083D /* SongInfoCellViewModel.swift */ = {isa = PBXFileReference; lastKnownFileType = sourcecode.swift; path = SongInfoCellViewModel.swift; sourceTree = "<group>"; };
		EE60DBED25793BF20085083D /* AlbumCopyrightCollectionViewCell.swift */ = {isa = PBXFileReference; lastKnownFileType = sourcecode.swift; path = AlbumCopyrightCollectionViewCell.swift; sourceTree = "<group>"; };
		EE60DBEE25793BF20085083D /* AlbumCopyrightCollectionViewCell.xib */ = {isa = PBXFileReference; lastKnownFileType = file.xib; path = AlbumCopyrightCollectionViewCell.xib; sourceTree = "<group>"; };
		EE60DBF225793DB50085083D /* AlbumCopyrightCellViewModel.swift */ = {isa = PBXFileReference; lastKnownFileType = sourcecode.swift; path = AlbumCopyrightCellViewModel.swift; sourceTree = "<group>"; };
		EE60DBF525794BC30085083D /* CellViewModel.swift */ = {isa = PBXFileReference; lastKnownFileType = sourcecode.swift; path = CellViewModel.swift; sourceTree = "<group>"; };
		EEAA34562577CEF1002DAD06 /* iTunesAlbums.app */ = {isa = PBXFileReference; explicitFileType = wrapper.application; includeInIndex = 0; path = iTunesAlbums.app; sourceTree = BUILT_PRODUCTS_DIR; };
		EEAA34592577CEF1002DAD06 /* AppDelegate.swift */ = {isa = PBXFileReference; lastKnownFileType = sourcecode.swift; path = AppDelegate.swift; sourceTree = "<group>"; };
		EEAA345B2577CEF1002DAD06 /* SceneDelegate.swift */ = {isa = PBXFileReference; lastKnownFileType = sourcecode.swift; path = SceneDelegate.swift; sourceTree = "<group>"; };
		EEAA34602577CEF1002DAD06 /* Base */ = {isa = PBXFileReference; lastKnownFileType = file.storyboard; name = Base; path = Base.lproj/Main.storyboard; sourceTree = "<group>"; };
		EEAA34622577CEF4002DAD06 /* Assets.xcassets */ = {isa = PBXFileReference; lastKnownFileType = folder.assetcatalog; path = Assets.xcassets; sourceTree = "<group>"; };
		EEAA34652577CEF4002DAD06 /* Base */ = {isa = PBXFileReference; lastKnownFileType = file.storyboard; name = Base; path = Base.lproj/LaunchScreen.storyboard; sourceTree = "<group>"; };
		EEAA34672577CEF5002DAD06 /* Info.plist */ = {isa = PBXFileReference; lastKnownFileType = text.plist.xml; path = Info.plist; sourceTree = "<group>"; };
		EEAA34792577D3A9002DAD06 /* AlbumsListViewController.swift */ = {isa = PBXFileReference; lastKnownFileType = sourcecode.swift; path = AlbumsListViewController.swift; sourceTree = "<group>"; };
		EEAA34802577D5AF002DAD06 /* BaseViewController.swift */ = {isa = PBXFileReference; lastKnownFileType = sourcecode.swift; path = BaseViewController.swift; sourceTree = "<group>"; };
		EEAA34852577D5E5002DAD06 /* ViewModel.swift */ = {isa = PBXFileReference; lastKnownFileType = sourcecode.swift; path = ViewModel.swift; sourceTree = "<group>"; };
		EEAA34902577DF27002DAD06 /* AlbumsListViewModel.swift */ = {isa = PBXFileReference; lastKnownFileType = sourcecode.swift; path = AlbumsListViewModel.swift; sourceTree = "<group>"; };
		EEAA34952577E028002DAD06 /* UICollectionView+registerCell.swift */ = {isa = PBXFileReference; lastKnownFileType = sourcecode.swift; path = "UICollectionView+registerCell.swift"; sourceTree = "<group>"; };
		EEAA34992577E592002DAD06 /* AlbumCollectionViewCell.swift */ = {isa = PBXFileReference; lastKnownFileType = sourcecode.swift; path = AlbumCollectionViewCell.swift; sourceTree = "<group>"; };
		EEAA349A2577E592002DAD06 /* AlbumCollectionViewCell.xib */ = {isa = PBXFileReference; lastKnownFileType = file.xib; path = AlbumCollectionViewCell.xib; sourceTree = "<group>"; };
		EEAA349F2577E8C3002DAD06 /* ConfigurableView.swift */ = {isa = PBXFileReference; lastKnownFileType = sourcecode.swift; path = ConfigurableView.swift; sourceTree = "<group>"; };
		EEAA34A52577E938002DAD06 /* AlbumCellViewModel.swift */ = {isa = PBXFileReference; lastKnownFileType = sourcecode.swift; path = AlbumCellViewModel.swift; sourceTree = "<group>"; };
		EEAA34B12577EEAE002DAD06 /* NetworkClient.swift */ = {isa = PBXFileReference; lastKnownFileType = sourcecode.swift; path = NetworkClient.swift; sourceTree = "<group>"; };
		EEAA34B52577EF14002DAD06 /* BaseNetworkService.swift */ = {isa = PBXFileReference; lastKnownFileType = sourcecode.swift; path = BaseNetworkService.swift; sourceTree = "<group>"; };
		EEAA34BB2577F038002DAD06 /* AlbumService.swift */ = {isa = PBXFileReference; lastKnownFileType = sourcecode.swift; path = AlbumService.swift; sourceTree = "<group>"; };
		EEAA34BF2577F779002DAD06 /* Album.swift */ = {isa = PBXFileReference; lastKnownFileType = sourcecode.swift; path = Album.swift; sourceTree = "<group>"; };
		EED51E0B257BF08C0063E0E3 /* R.generated.swift */ = {isa = PBXFileReference; fileEncoding = 4; lastKnownFileType = sourcecode.swift; path = R.generated.swift; sourceTree = "<group>"; };
		EED51E12257BF1D30063E0E3 /* Localizable.strings */ = {isa = PBXFileReference; lastKnownFileType = text.plist.strings; path = Localizable.strings; sourceTree = "<group>"; };
/* End PBXFileReference section */

/* Begin PBXFrameworksBuildPhase section */
		EEAA34532577CEF1002DAD06 /* Frameworks */ = {
			isa = PBXFrameworksBuildPhase;
			buildActionMask = 2147483647;
			files = (
				5771F0A9ABBCA90F11C28FD7 /* Pods_iTunesAlbums.framework in Frameworks */,
			);
			runOnlyForDeploymentPostprocessing = 0;
		};
/* End PBXFrameworksBuildPhase section */

/* Begin PBXGroup section */
		322D96B50B744CDF560C4DD1 /* Pods */ = {
			isa = PBXGroup;
			children = (
				22B375688918831804DFA3ED /* Pods-iTunesAlbums.debug.xcconfig */,
				0DB2C106E584FEE6E63E71E8 /* Pods-iTunesAlbums.release.xcconfig */,
			);
			path = Pods;
			sourceTree = "<group>";
		};
		46E6209979A49FD077461B14 /* Frameworks */ = {
			isa = PBXGroup;
			children = (
				363835923FE5809620435A51 /* Pods_iTunesAlbums.framework */,
			);
			name = Frameworks;
			sourceTree = "<group>";
		};
		EE60DBC8257927090085083D /* AlbumInfoViewController */ = {
			isa = PBXGroup;
			children = (
				EE60DBC9257927790085083D /* View */,
				EE60DBCA257927800085083D /* ViewModel */,
				EE60DBCB257927890085083D /* Cells */,
			);
			path = AlbumInfoViewController;
			sourceTree = "<group>";
		};
		EE60DBC9257927790085083D /* View */ = {
			isa = PBXGroup;
			children = (
				EE60DBCC257928B20085083D /* AlbumInfoViewController.swift */,
				EE60DBCD257928B20085083D /* AlbumInfoViewController.xib */,
			);
			path = View;
			sourceTree = "<group>";
		};
		EE60DBCA257927800085083D /* ViewModel */ = {
			isa = PBXGroup;
			children = (
				EE60DBD625792CC90085083D /* AlbumInfoViewModel.swift */,
			);
			path = ViewModel;
			sourceTree = "<group>";
		};
		EE60DBCB257927890085083D /* Cells */ = {
			isa = PBXGroup;
			children = (
				EE60DBDE257930360085083D /* Views */,
				EE60DBDF257930430085083D /* ViewModels */,
			);
			path = Cells;
			sourceTree = "<group>";
		};
		EE60DBD125792A4C0085083D /* Model */ = {
			isa = PBXGroup;
			children = (
				EEAA34BF2577F779002DAD06 /* Album.swift */,
				EE60DBD225792AE40085083D /* Song.swift */,
			);
			path = Model;
			sourceTree = "<group>";
		};
		EE60DBDE257930360085083D /* Views */ = {
			isa = PBXGroup;
			children = (
				EE60DBD9257930010085083D /* AlbumInfoCollectionViewCell.swift */,
				EE60DBDA257930010085083D /* AlbumInfoCollectionViewCell.xib */,
				EE60DBE5257938750085083D /* SongInfoCollectionViewCell.swift */,
				EE60DBE6257938750085083D /* SongInfoCollectionViewCell.xib */,
				EE60DBED25793BF20085083D /* AlbumCopyrightCollectionViewCell.swift */,
				EE60DBEE25793BF20085083D /* AlbumCopyrightCollectionViewCell.xib */,
			);
			path = Views;
			sourceTree = "<group>";
		};
		EE60DBDF257930430085083D /* ViewModels */ = {
			isa = PBXGroup;
			children = (
				EE60DBE1257932A20085083D /* AlbumInfoCellViewModel.swift */,
				EE60DBEA257938870085083D /* SongInfoCellViewModel.swift */,
				EE60DBF225793DB50085083D /* AlbumCopyrightCellViewModel.swift */,
			);
			path = ViewModels;
			sourceTree = "<group>";
		};
		EEAA344D2577CEF1002DAD06 = {
			isa = PBXGroup;
			children = (
				EEAA34582577CEF1002DAD06 /* iTunesAlbums */,
				EEAA34572577CEF1002DAD06 /* Products */,
				322D96B50B744CDF560C4DD1 /* Pods */,
				46E6209979A49FD077461B14 /* Frameworks */,
			);
			sourceTree = "<group>";
		};
		EEAA34572577CEF1002DAD06 /* Products */ = {
			isa = PBXGroup;
			children = (
				EEAA34562577CEF1002DAD06 /* iTunesAlbums.app */,
			);
			name = Products;
			sourceTree = "<group>";
		};
		EEAA34582577CEF1002DAD06 /* iTunesAlbums */ = {
			isa = PBXGroup;
			children = (
				EEAA346F2577D2A6002DAD06 /* AlbumsListViewController */,
				EE60DBC8257927090085083D /* AlbumInfoViewController */,
				EEAA34AF2577EE58002DAD06 /* Services */,
				EEAA347F2577D58D002DAD06 /* Helpers */,
				EEAA34942577E009002DAD06 /* Extensions */,
				EEAA34882577D642002DAD06 /* Support */,
			);
			path = iTunesAlbums;
			sourceTree = "<group>";
		};
		EEAA346F2577D2A6002DAD06 /* AlbumsListViewController */ = {
			isa = PBXGroup;
			children = (
				EEAA34762577D36D002DAD06 /* View */,
				EEAA348E2577D777002DAD06 /* ViewModel */,
				EEAA34982577E521002DAD06 /* Cell */,
			);
			path = AlbumsListViewController;
			sourceTree = "<group>";
		};
		EEAA34762577D36D002DAD06 /* View */ = {
			isa = PBXGroup;
			children = (
				EEAA34792577D3A9002DAD06 /* AlbumsListViewController.swift */,
				EE60DB7625781CAC0085083D /* AlbumsListViewController.xib */,
			);
			path = View;
			sourceTree = "<group>";
		};
		EEAA347F2577D58D002DAD06 /* Helpers */ = {
			isa = PBXGroup;
			children = (
				EEAA34802577D5AF002DAD06 /* BaseViewController.swift */,
				EEAA34852577D5E5002DAD06 /* ViewModel.swift */,
				EEAA349F2577E8C3002DAD06 /* ConfigurableView.swift */,
				EE60DBF525794BC30085083D /* CellViewModel.swift */,
			);
			path = Helpers;
			sourceTree = "<group>";
		};
		EEAA34882577D642002DAD06 /* Support */ = {
			isa = PBXGroup;
			children = (
				EEAA34592577CEF1002DAD06 /* AppDelegate.swift */,
				EEAA345B2577CEF1002DAD06 /* SceneDelegate.swift */,
				EEAA345F2577CEF1002DAD06 /* Main.storyboard */,
				EEAA34622577CEF4002DAD06 /* Assets.xcassets */,
				EEAA34642577CEF4002DAD06 /* LaunchScreen.storyboard */,
				EED51E0B257BF08C0063E0E3 /* R.generated.swift */,
				EEAA34672577CEF5002DAD06 /* Info.plist */,
				EED51E12257BF1D30063E0E3 /* Localizable.strings */,
			);
			path = Support;
			sourceTree = "<group>";
		};
		EEAA348E2577D777002DAD06 /* ViewModel */ = {
			isa = PBXGroup;
			children = (
				EEAA34902577DF27002DAD06 /* AlbumsListViewModel.swift */,
			);
			path = ViewModel;
			sourceTree = "<group>";
		};
		EEAA34942577E009002DAD06 /* Extensions */ = {
			isa = PBXGroup;
			children = (
				EEAA34952577E028002DAD06 /* UICollectionView+registerCell.swift */,
			);
			path = Extensions;
			sourceTree = "<group>";
		};
		EEAA34982577E521002DAD06 /* Cell */ = {
			isa = PBXGroup;
			children = (
				EEAA34A22577E8F4002DAD06 /* View */,
				EEAA34A32577E8FE002DAD06 /* ViewModel */,
			);
			path = Cell;
			sourceTree = "<group>";
		};
		EEAA34A22577E8F4002DAD06 /* View */ = {
			isa = PBXGroup;
			children = (
				EEAA34992577E592002DAD06 /* AlbumCollectionViewCell.swift */,
				EEAA349A2577E592002DAD06 /* AlbumCollectionViewCell.xib */,
			);
			path = View;
			sourceTree = "<group>";
		};
		EEAA34A32577E8FE002DAD06 /* ViewModel */ = {
			isa = PBXGroup;
			children = (
				EEAA34A52577E938002DAD06 /* AlbumCellViewModel.swift */,
			);
			path = ViewModel;
			sourceTree = "<group>";
		};
		EEAA34AF2577EE58002DAD06 /* Services */ = {
			isa = PBXGroup;
			children = (
				EEAA34BB2577F038002DAD06 /* AlbumService.swift */,
				EEAA34B02577EE99002DAD06 /* Network */,
			);
			path = Services;
			sourceTree = "<group>";
		};
		EEAA34B02577EE99002DAD06 /* Network */ = {
			isa = PBXGroup;
			children = (
				EE60DBD125792A4C0085083D /* Model */,
				EEAA34B12577EEAE002DAD06 /* NetworkClient.swift */,
				EEAA34B52577EF14002DAD06 /* BaseNetworkService.swift */,
			);
			path = Network;
			sourceTree = "<group>";
		};
/* End PBXGroup section */

/* Begin PBXNativeTarget section */
		EEAA34552577CEF1002DAD06 /* iTunesAlbums */ = {
			isa = PBXNativeTarget;
			buildConfigurationList = EEAA346A2577CEF5002DAD06 /* Build configuration list for PBXNativeTarget "iTunesAlbums" */;
			buildPhases = (
				B83A5EB5586D467354C95563 /* [CP] Check Pods Manifest.lock */,
				EED51E08257BEF680063E0E3 /* R.swift */,
				EEAA34522577CEF1002DAD06 /* Sources */,
				EEAA34532577CEF1002DAD06 /* Frameworks */,
				EEAA34542577CEF1002DAD06 /* Resources */,
				423AD0667522F8A4D7C924DD /* [CP] Embed Pods Frameworks */,
			);
			buildRules = (
			);
			dependencies = (
			);
			name = iTunesAlbums;
			productName = iTunesAlbums;
			productReference = EEAA34562577CEF1002DAD06 /* iTunesAlbums.app */;
			productType = "com.apple.product-type.application";
		};
/* End PBXNativeTarget section */

/* Begin PBXProject section */
		EEAA344E2577CEF1002DAD06 /* Project object */ = {
			isa = PBXProject;
			attributes = {
				LastSwiftUpdateCheck = 1220;
				LastUpgradeCheck = 1220;
				TargetAttributes = {
					EEAA34552577CEF1002DAD06 = {
						CreatedOnToolsVersion = 12.2;
					};
				};
			};
			buildConfigurationList = EEAA34512577CEF1002DAD06 /* Build configuration list for PBXProject "iTunesAlbums" */;
			compatibilityVersion = "Xcode 9.3";
			developmentRegion = en;
			hasScannedForEncodings = 0;
			knownRegions = (
				en,
				Base,
			);
			mainGroup = EEAA344D2577CEF1002DAD06;
			productRefGroup = EEAA34572577CEF1002DAD06 /* Products */;
			projectDirPath = "";
			projectRoot = "";
			targets = (
				EEAA34552577CEF1002DAD06 /* iTunesAlbums */,
			);
		};
/* End PBXProject section */

/* Begin PBXResourcesBuildPhase section */
		EEAA34542577CEF1002DAD06 /* Resources */ = {
			isa = PBXResourcesBuildPhase;
			buildActionMask = 2147483647;
			files = (
				EE60DBF025793BF20085083D /* AlbumCopyrightCollectionViewCell.xib in Resources */,
				EE60DBCF257928B30085083D /* AlbumInfoViewController.xib in Resources */,
				EE60DBE8257938750085083D /* SongInfoCollectionViewCell.xib in Resources */,
				EEAA34662577CEF4002DAD06 /* LaunchScreen.storyboard in Resources */,
				EEAA34632577CEF4002DAD06 /* Assets.xcassets in Resources */,
				EED51E13257BF1D30063E0E3 /* Localizable.strings in Resources */,
				EE60DBDC257930010085083D /* AlbumInfoCollectionViewCell.xib in Resources */,
				EEAA349C2577E592002DAD06 /* AlbumCollectionViewCell.xib in Resources */,
				EE60DB7825781CAC0085083D /* AlbumsListViewController.xib in Resources */,
				EEAA34612577CEF1002DAD06 /* Main.storyboard in Resources */,
			);
			runOnlyForDeploymentPostprocessing = 0;
		};
/* End PBXResourcesBuildPhase section */

/* Begin PBXShellScriptBuildPhase section */
		423AD0667522F8A4D7C924DD /* [CP] Embed Pods Frameworks */ = {
			isa = PBXShellScriptBuildPhase;
			buildActionMask = 2147483647;
			files = (
			);
			inputFileListPaths = (
				"${PODS_ROOT}/Target Support Files/Pods-iTunesAlbums/Pods-iTunesAlbums-frameworks-${CONFIGURATION}-input-files.xcfilelist",
			);
			name = "[CP] Embed Pods Frameworks";
			outputFileListPaths = (
				"${PODS_ROOT}/Target Support Files/Pods-iTunesAlbums/Pods-iTunesAlbums-frameworks-${CONFIGURATION}-output-files.xcfilelist",
			);
			runOnlyForDeploymentPostprocessing = 0;
			shellPath = /bin/sh;
			shellScript = "\"${PODS_ROOT}/Target Support Files/Pods-iTunesAlbums/Pods-iTunesAlbums-frameworks.sh\"\n";
			showEnvVarsInLog = 0;
		};
		B83A5EB5586D467354C95563 /* [CP] Check Pods Manifest.lock */ = {
			isa = PBXShellScriptBuildPhase;
			buildActionMask = 2147483647;
			files = (
			);
			inputFileListPaths = (
			);
			inputPaths = (
				"${PODS_PODFILE_DIR_PATH}/Podfile.lock",
				"${PODS_ROOT}/Manifest.lock",
			);
			name = "[CP] Check Pods Manifest.lock";
			outputFileListPaths = (
			);
			outputPaths = (
				"$(DERIVED_FILE_DIR)/Pods-iTunesAlbums-checkManifestLockResult.txt",
			);
			runOnlyForDeploymentPostprocessing = 0;
			shellPath = /bin/sh;
			shellScript = "diff \"${PODS_PODFILE_DIR_PATH}/Podfile.lock\" \"${PODS_ROOT}/Manifest.lock\" > /dev/null\nif [ $? != 0 ] ; then\n    # print error to STDERR\n    echo \"error: The sandbox is not in sync with the Podfile.lock. Run 'pod install' or update your CocoaPods installation.\" >&2\n    exit 1\nfi\n# This output is used by Xcode 'outputs' to avoid re-running this script phase.\necho \"SUCCESS\" > \"${SCRIPT_OUTPUT_FILE_0}\"\n";
			showEnvVarsInLog = 0;
		};
		EED51E08257BEF680063E0E3 /* R.swift */ = {
			isa = PBXShellScriptBuildPhase;
			buildActionMask = 2147483647;
			files = (
			);
			inputFileListPaths = (
			);
			inputPaths = (
				"$TEMP_DIR/rswift-lastrun",
			);
			name = R.swift;
			outputFileListPaths = (
			);
			outputPaths = (
				$SRCROOT/$PRODUCT_NAME/Support/R.generated.swift,
			);
			runOnlyForDeploymentPostprocessing = 0;
			shellPath = /bin/sh;
			shellScript = "\"$PODS_ROOT/R.swift/rswift\" generate \"$SRCROOT/$PRODUCT_NAME/Support/R.generated.swift\"\n";
		};
/* End PBXShellScriptBuildPhase section */

/* Begin PBXSourcesBuildPhase section */
		EEAA34522577CEF1002DAD06 /* Sources */ = {
			isa = PBXSourcesBuildPhase;
			buildActionMask = 2147483647;
			files = (
				EEAA34BC2577F038002DAD06 /* AlbumService.swift in Sources */,
				EEAA349B2577E592002DAD06 /* AlbumCollectionViewCell.swift in Sources */,
				EED51E0C257BF08C0063E0E3 /* R.generated.swift in Sources */,
				EEAA34862577D5E5002DAD06 /* ViewModel.swift in Sources */,
				EEAA347B2577D3A9002DAD06 /* AlbumsListViewController.swift in Sources */,
				EE60DBF325793DB50085083D /* AlbumCopyrightCellViewModel.swift in Sources */,
				EEAA34B22577EEAE002DAD06 /* NetworkClient.swift in Sources */,
				EE60DBD725792CC90085083D /* AlbumInfoViewModel.swift in Sources */,
				EE60DBDB257930010085083D /* AlbumInfoCollectionViewCell.swift in Sources */,
				EE60DBE2257932A20085083D /* AlbumInfoCellViewModel.swift in Sources */,
				EEAA34C02577F779002DAD06 /* Album.swift in Sources */,
				EE60DBF625794BC30085083D /* CellViewModel.swift in Sources */,
				EEAA34A02577E8C3002DAD06 /* ConfigurableView.swift in Sources */,
				EEAA34B62577EF14002DAD06 /* BaseNetworkService.swift in Sources */,
				EEAA34812577D5AF002DAD06 /* BaseViewController.swift in Sources */,
				EE60DBEF25793BF20085083D /* AlbumCopyrightCollectionViewCell.swift in Sources */,
				EE60DBCE257928B30085083D /* AlbumInfoViewController.swift in Sources */,
				EE60DBEB257938870085083D /* SongInfoCellViewModel.swift in Sources */,
				EEAA345A2577CEF1002DAD06 /* AppDelegate.swift in Sources */,
				EE60DBE7257938750085083D /* SongInfoCollectionViewCell.swift in Sources */,
				EEAA34962577E028002DAD06 /* UICollectionView+registerCell.swift in Sources */,
				EE60DBD325792AE40085083D /* Song.swift in Sources */,
				EEAA34912577DF27002DAD06 /* AlbumsListViewModel.swift in Sources */,
				EEAA34A62577E938002DAD06 /* AlbumCellViewModel.swift in Sources */,
				EEAA345C2577CEF1002DAD06 /* SceneDelegate.swift in Sources */,
			);
			runOnlyForDeploymentPostprocessing = 0;
		};
/* End PBXSourcesBuildPhase section */

/* Begin PBXVariantGroup section */
		EEAA345F2577CEF1002DAD06 /* Main.storyboard */ = {
			isa = PBXVariantGroup;
			children = (
				EEAA34602577CEF1002DAD06 /* Base */,
			);
			name = Main.storyboard;
			sourceTree = "<group>";
		};
		EEAA34642577CEF4002DAD06 /* LaunchScreen.storyboard */ = {
			isa = PBXVariantGroup;
			children = (
				EEAA34652577CEF4002DAD06 /* Base */,
			);
			name = LaunchScreen.storyboard;
			sourceTree = "<group>";
		};
/* End PBXVariantGroup section */

/* Begin XCBuildConfiguration section */
		EEAA34682577CEF5002DAD06 /* Debug */ = {
			isa = XCBuildConfiguration;
			buildSettings = {
				ALWAYS_SEARCH_USER_PATHS = NO;
				CLANG_ANALYZER_NONNULL = YES;
				CLANG_ANALYZER_NUMBER_OBJECT_CONVERSION = YES_AGGRESSIVE;
				CLANG_CXX_LANGUAGE_STANDARD = "gnu++14";
				CLANG_CXX_LIBRARY = "libc++";
				CLANG_ENABLE_MODULES = YES;
				CLANG_ENABLE_OBJC_ARC = YES;
				CLANG_ENABLE_OBJC_WEAK = YES;
				CLANG_WARN_BLOCK_CAPTURE_AUTORELEASING = YES;
				CLANG_WARN_BOOL_CONVERSION = YES;
				CLANG_WARN_COMMA = YES;
				CLANG_WARN_CONSTANT_CONVERSION = YES;
				CLANG_WARN_DEPRECATED_OBJC_IMPLEMENTATIONS = YES;
				CLANG_WARN_DIRECT_OBJC_ISA_USAGE = YES_ERROR;
				CLANG_WARN_DOCUMENTATION_COMMENTS = YES;
				CLANG_WARN_EMPTY_BODY = YES;
				CLANG_WARN_ENUM_CONVERSION = YES;
				CLANG_WARN_INFINITE_RECURSION = YES;
				CLANG_WARN_INT_CONVERSION = YES;
				CLANG_WARN_NON_LITERAL_NULL_CONVERSION = YES;
				CLANG_WARN_OBJC_IMPLICIT_RETAIN_SELF = YES;
				CLANG_WARN_OBJC_LITERAL_CONVERSION = YES;
				CLANG_WARN_OBJC_ROOT_CLASS = YES_ERROR;
				CLANG_WARN_QUOTED_INCLUDE_IN_FRAMEWORK_HEADER = YES;
				CLANG_WARN_RANGE_LOOP_ANALYSIS = YES;
				CLANG_WARN_STRICT_PROTOTYPES = YES;
				CLANG_WARN_SUSPICIOUS_MOVE = YES;
				CLANG_WARN_UNGUARDED_AVAILABILITY = YES_AGGRESSIVE;
				CLANG_WARN_UNREACHABLE_CODE = YES;
				CLANG_WARN__DUPLICATE_METHOD_MATCH = YES;
				COPY_PHASE_STRIP = NO;
				DEBUG_INFORMATION_FORMAT = dwarf;
				ENABLE_STRICT_OBJC_MSGSEND = YES;
				ENABLE_TESTABILITY = YES;
				GCC_C_LANGUAGE_STANDARD = gnu11;
				GCC_DYNAMIC_NO_PIC = NO;
				GCC_NO_COMMON_BLOCKS = YES;
				GCC_OPTIMIZATION_LEVEL = 0;
				GCC_PREPROCESSOR_DEFINITIONS = (
					"DEBUG=1",
					"$(inherited)",
				);
				GCC_WARN_64_TO_32_BIT_CONVERSION = YES;
				GCC_WARN_ABOUT_RETURN_TYPE = YES_ERROR;
				GCC_WARN_UNDECLARED_SELECTOR = YES;
				GCC_WARN_UNINITIALIZED_AUTOS = YES_AGGRESSIVE;
				GCC_WARN_UNUSED_FUNCTION = YES;
				GCC_WARN_UNUSED_VARIABLE = YES;
				IPHONEOS_DEPLOYMENT_TARGET = 14.2;
				MTL_ENABLE_DEBUG_INFO = INCLUDE_SOURCE;
				MTL_FAST_MATH = YES;
				ONLY_ACTIVE_ARCH = YES;
				SDKROOT = iphoneos;
				SWIFT_ACTIVE_COMPILATION_CONDITIONS = DEBUG;
				SWIFT_OPTIMIZATION_LEVEL = "-Onone";
			};
			name = Debug;
		};
		EEAA34692577CEF5002DAD06 /* Release */ = {
			isa = XCBuildConfiguration;
			buildSettings = {
				ALWAYS_SEARCH_USER_PATHS = NO;
				CLANG_ANALYZER_NONNULL = YES;
				CLANG_ANALYZER_NUMBER_OBJECT_CONVERSION = YES_AGGRESSIVE;
				CLANG_CXX_LANGUAGE_STANDARD = "gnu++14";
				CLANG_CXX_LIBRARY = "libc++";
				CLANG_ENABLE_MODULES = YES;
				CLANG_ENABLE_OBJC_ARC = YES;
				CLANG_ENABLE_OBJC_WEAK = YES;
				CLANG_WARN_BLOCK_CAPTURE_AUTORELEASING = YES;
				CLANG_WARN_BOOL_CONVERSION = YES;
				CLANG_WARN_COMMA = YES;
				CLANG_WARN_CONSTANT_CONVERSION = YES;
				CLANG_WARN_DEPRECATED_OBJC_IMPLEMENTATIONS = YES;
				CLANG_WARN_DIRECT_OBJC_ISA_USAGE = YES_ERROR;
				CLANG_WARN_DOCUMENTATION_COMMENTS = YES;
				CLANG_WARN_EMPTY_BODY = YES;
				CLANG_WARN_ENUM_CONVERSION = YES;
				CLANG_WARN_INFINITE_RECURSION = YES;
				CLANG_WARN_INT_CONVERSION = YES;
				CLANG_WARN_NON_LITERAL_NULL_CONVERSION = YES;
				CLANG_WARN_OBJC_IMPLICIT_RETAIN_SELF = YES;
				CLANG_WARN_OBJC_LITERAL_CONVERSION = YES;
				CLANG_WARN_OBJC_ROOT_CLASS = YES_ERROR;
				CLANG_WARN_QUOTED_INCLUDE_IN_FRAMEWORK_HEADER = YES;
				CLANG_WARN_RANGE_LOOP_ANALYSIS = YES;
				CLANG_WARN_STRICT_PROTOTYPES = YES;
				CLANG_WARN_SUSPICIOUS_MOVE = YES;
				CLANG_WARN_UNGUARDED_AVAILABILITY = YES_AGGRESSIVE;
				CLANG_WARN_UNREACHABLE_CODE = YES;
				CLANG_WARN__DUPLICATE_METHOD_MATCH = YES;
				COPY_PHASE_STRIP = NO;
				DEBUG_INFORMATION_FORMAT = "dwarf-with-dsym";
				ENABLE_NS_ASSERTIONS = NO;
				ENABLE_STRICT_OBJC_MSGSEND = YES;
				GCC_C_LANGUAGE_STANDARD = gnu11;
				GCC_NO_COMMON_BLOCKS = YES;
				GCC_WARN_64_TO_32_BIT_CONVERSION = YES;
				GCC_WARN_ABOUT_RETURN_TYPE = YES_ERROR;
				GCC_WARN_UNDECLARED_SELECTOR = YES;
				GCC_WARN_UNINITIALIZED_AUTOS = YES_AGGRESSIVE;
				GCC_WARN_UNUSED_FUNCTION = YES;
				GCC_WARN_UNUSED_VARIABLE = YES;
				IPHONEOS_DEPLOYMENT_TARGET = 14.2;
				MTL_ENABLE_DEBUG_INFO = NO;
				MTL_FAST_MATH = YES;
				SDKROOT = iphoneos;
				SWIFT_COMPILATION_MODE = wholemodule;
				SWIFT_OPTIMIZATION_LEVEL = "-O";
				VALIDATE_PRODUCT = YES;
			};
			name = Release;
		};
		EEAA346B2577CEF5002DAD06 /* Debug */ = {
			isa = XCBuildConfiguration;
			baseConfigurationReference = 22B375688918831804DFA3ED /* Pods-iTunesAlbums.debug.xcconfig */;
			buildSettings = {
				ASSETCATALOG_COMPILER_APPICON_NAME = AppIcon;
				ASSETCATALOG_COMPILER_GLOBAL_ACCENT_COLOR_NAME = AccentColor;
				CODE_SIGN_STYLE = Automatic;
				DEVELOPMENT_TEAM = 9DT65SS5ZB;
				INFOPLIST_FILE = iTunesAlbums/Support/Info.plist;
				IPHONEOS_DEPLOYMENT_TARGET = 13.0;
				LD_RUNPATH_SEARCH_PATHS = (
					"$(inherited)",
					"@executable_path/Frameworks",
				);
				PRODUCT_BUNDLE_IDENTIFIER = com.ArtemEmelianov.iTunesAlbums;
				PRODUCT_NAME = "$(TARGET_NAME)";
				SWIFT_VERSION = 5.0;
				TARGETED_DEVICE_FAMILY = 1;
			};
			name = Debug;
		};
		EEAA346C2577CEF5002DAD06 /* Release */ = {
			isa = XCBuildConfiguration;
			baseConfigurationReference = 0DB2C106E584FEE6E63E71E8 /* Pods-iTunesAlbums.release.xcconfig */;
			buildSettings = {
				ASSETCATALOG_COMPILER_APPICON_NAME = AppIcon;
				ASSETCATALOG_COMPILER_GLOBAL_ACCENT_COLOR_NAME = AccentColor;
				CODE_SIGN_STYLE = Automatic;
				DEVELOPMENT_TEAM = 9DT65SS5ZB;
				INFOPLIST_FILE = iTunesAlbums/Support/Info.plist;
				IPHONEOS_DEPLOYMENT_TARGET = 13.0;
				LD_RUNPATH_SEARCH_PATHS = (
					"$(inherited)",
					"@executable_path/Frameworks",
				);
				PRODUCT_BUNDLE_IDENTIFIER = com.ArtemEmelianov.iTunesAlbums;
				PRODUCT_NAME = "$(TARGET_NAME)";
				SWIFT_VERSION = 5.0;
				TARGETED_DEVICE_FAMILY = 1;
			};
			name = Release;
		};
/* End XCBuildConfiguration section */

/* Begin XCConfigurationList section */
		EEAA34512577CEF1002DAD06 /* Build configuration list for PBXProject "iTunesAlbums" */ = {
			isa = XCConfigurationList;
			buildConfigurations = (
				EEAA34682577CEF5002DAD06 /* Debug */,
				EEAA34692577CEF5002DAD06 /* Release */,
			);
			defaultConfigurationIsVisible = 0;
			defaultConfigurationName = Release;
		};
		EEAA346A2577CEF5002DAD06 /* Build configuration list for PBXNativeTarget "iTunesAlbums" */ = {
			isa = XCConfigurationList;
			buildConfigurations = (
				EEAA346B2577CEF5002DAD06 /* Debug */,
				EEAA346C2577CEF5002DAD06 /* Release */,
			);
			defaultConfigurationIsVisible = 0;
			defaultConfigurationName = Release;
		};
/* End XCConfigurationList section */
	};
	rootObject = EEAA344E2577CEF1002DAD06 /* Project object */;
}
